
Microsoft Visual Studio Solution File, Format Version 12.00
# Visual Studio Version 17
VisualStudioVersion = 17.4.33205.214
MinimumVisualStudioVersion = 10.0.40219.1
Project("{FAE04EC0-301F-11D3-BF4B-00C04F79EFBC}") = "QrCodeGenerator", "QrCodeGenerator.csproj", "{05EFD940-C879-4A11-978F-C545D6635221}"
EndProject
Global
	GlobalSection(SolutionConfigurationPlatforms) = preSolution
		Debug|Any CPU = Debug|Any CPU
		Release|Any CPU = Release|Any CPU
	EndGlobalSection
	GlobalSection(ProjectConfigurationPlatforms) = postSolution
		{05EFD940-C879-4A11-978F-C545D6635221}.Debug|Any CPU.ActiveCfg = Debug|Any CPU
		{05EFD940-C879-4A11-978F-C545D6635221}.Debug|Any CPU.Build.0 = Debug|Any CPU
		{05EFD940-C879-4A11-978F-C545D6635221}.Release|Any CPU.ActiveCfg = Release|Any CPU
		{05EFD940-C879-4A11-978F-C545D6635221}.Release|Any CPU.Build.0 = Release|Any CPU
	EndGlobalSection
	GlobalSection(SolutionProperties) = preSolution
		HideSolutionNode = FALSE
	EndGlobalSection
	GlobalSection(ExtensibilityGlobals) = postSolution
		SolutionGuid = {E0D40C9A-2645-411A-8D58-8FD7E2DC80A9}
	EndGlobalSection
EndGlobal
